schema: '2.0'
stages:
  fetch:
    cmd: python -m src.fetch
    deps:
    - path: src/fetch.py
      hash: md5
      md5: 64a3f17960f8b89ecf8fb31d292141e9
      size: 1727
    params:
      params.yaml:
        fetch:
          massive_url: 
            https://amazon-massive-nlu-dataset.s3.amazonaws.com/amazon-massive-dataset-1.1.tar.gz
          massive_sha256: 
            4cba5faa11c71437928e17cb1b9b3d8b8e727e7ea363a3a9a8045e19c0491577
          locale: vi-VN
    outs:
    - path: raw/SOURCES.json
      hash: md5
      md5: 41e34f113065904f3c154a190dedd8f1
      size: 248
    - path: raw/massive
      hash: md5
      md5: d12e8146b1f8f7f3b93304e37c7255cb.dir
      size: 12486674
      nfiles: 4
  prepare:
    cmd: python -m src.prepare
    deps:
    - path: raw/massive
      hash: md5
      md5: d12e8146b1f8f7f3b93304e37c7255cb.dir
      size: 12486674
      nfiles: 4
    - path: src/common.py
      hash: md5
      md5: 706e251c4cd4acd6d619782b2e8acea7
      size: 2973
    - path: src/prepare.py
      hash: md5
      md5: 5d40ae01d6a57d10823e030c7ee32e67
      size: 5194
    params:
      params.yaml:
        fetch.locale: vi-VN
        prepare:
          split:
            golden: 0.15
            val_of_rest: 0.18
            seed: 42
          min_agree_train: 0
          train_probe_size: 300
          seed: 42
    outs:
    - path: data/golden/golden.jsonl
      hash: md5
      md5: ef1172efb916f0f8ea60d5b6ee342c5a
      size: 530323
    - path: data/train.jsonl
      hash: md5
      md5: 28b11301cfe11246b2a0c7aa7b323b90
      size: 2195089
    - path: data/train_probe.jsonl
      hash: md5
      md5: 7f1404c3ef8887b35f66c5ee54c2454a
      size: 57398
    - path: data/val.jsonl
      hash: md5
      md5: 5ae02fc5b611cdfd2402c64b41009d7f
      size: 544837
    - path: reports/data_stats.json
      hash: md5
      md5: a95ca5abf5e0396c274ff02d998bcef4
      size: 795
  check_data:
    cmd: python -m src.check_data
    deps:
    - path: data/golden/golden.jsonl
      hash: md5
      md5: ef1172efb916f0f8ea60d5b6ee342c5a
      size: 530323
    - path: data/train.jsonl
      hash: md5
      md5: 28b11301cfe11246b2a0c7aa7b323b90
      size: 2195089
    - path: data/train_probe.jsonl
      hash: md5
      md5: 7f1404c3ef8887b35f66c5ee54c2454a
      size: 57398
    - path: data/val.jsonl
      hash: md5
      md5: 5ae02fc5b611cdfd2402c64b41009d7f
      size: 544837
    - path: schema/massive_intent.yaml
      hash: md5
      md5: 124f60bd49d8c79e31a0e3302061db30
      size: 4811
    - path: src/check_data.py
      hash: md5
      md5: 83e8b7a0d05e467055f822ff83d352cd
      size: 5662
    - path: src/metrics.py
      hash: md5
      md5: e9714c79573e2b3c7bd1a6965023ac5b
      size: 4547
    - path: src/records.py
      hash: md5
      md5: 13ab985ebe79011e67c288ed621ad94a
      size: 1433
    params:
      params.yaml:
        check:
          max_text_overlap: 0.0
          min_train_per_intent: 3
        prepare.split:
          golden: 0.15
          val_of_rest: 0.18
          seed: 42
    outs:
    - path: reports/checks.json
      hash: md5
      md5: e0a3c35862a7aba6a3d238eebe9445e6
      size: 1765
